
Microsoft Visual Studio Solution File, Format Version 12.00
# Visual Studio 14
VisualStudioVersion = 14.0.25420.1
MinimumVisualStudioVersion = 10.0.40219.1
Project("{8BC9CEB8-8B4A-11D0-8D11-00A0C91BC942}") = "Screen_Capture", "Screen_Capture\Screen_Capture.vcxitems", "{45D41ACC-2C3C-43D2-BC10-02AA73FFC7C7}"
EndProject
Project("{8BC9CEB8-8B4A-11D0-8D11-00A0C91BC942}") = "Test_Win", "Test_Win\Test_Win.vcxproj", "{5D471DEF-267A-4192-97DF-9799F751ECA5}"
EndProject
Global
	GlobalSection(SharedMSBuildProjectFiles) = preSolution
		Screen_Capture\Screen_Capture.vcxitems*{45d41acc-2c3c-43d2-bc10-02aa73ffc7c7}*SharedItemsImports = 9
		Screen_Capture\Screen_Capture.vcxitems*{5d471def-267a-4192-97df-9799f751eca5}*SharedItemsImports = 4
	EndGlobalSection
	GlobalSection(SolutionConfigurationPlatforms) = preSolution
		Debug|ARM = Debug|ARM
		Debug|x64 = Debug|x64
		Debug|x86 = Debug|x86
		Release|ARM = Release|ARM
		Release|x64 = Release|x64
		Release|x86 = Release|x86
	EndGlobalSection
	GlobalSection(ProjectConfigurationPlatforms) = postSolution
		{5D471DEF-267A-4192-97DF-9799F751ECA5}.Debug|ARM.ActiveCfg = Debug|Win32
		{5D471DEF-267A-4192-97DF-9799F751ECA5}.Debug|x64.ActiveCfg = Debug|x64
		{5D471DEF-267A-4192-97DF-9799F751ECA5}.Debug|x64.Build.0 = Debug|x64
		{5D471DEF-267A-4192-97DF-9799F751ECA5}.Debug|x86.ActiveCfg = Debug|Win32
		{5D471DEF-267A-4192-97DF-9799F751ECA5}.Debug|x86.Build.0 = Debug|Win32
		{5D471DEF-267A-4192-97DF-9799F751ECA5}.Release|ARM.ActiveCfg = Release|Win32
		{5D471DEF-267A-4192-97DF-9799F751ECA5}.Release|x64.ActiveCfg = Release|x64
		{5D471DEF-267A-4192-97DF-9799F751ECA5}.Release|x64.Build.0 = Release|x64
		{5D471DEF-267A-4192-97DF-9799F751ECA5}.Release|x86.ActiveCfg = Release|Win32
		{5D471DEF-267A-4192-97DF-9799F751ECA5}.Release|x86.Build.0 = Release|Win32
	EndGlobalSection
	GlobalSection(SolutionProperties) = preSolution
		HideSolutionNode = FALSE
	EndGlobalSection
EndGlobal
