
Microsoft Visual Studio Solution File, Format Version 12.00
# Visual Studio 14
VisualStudioVersion = 14.0.23107.0
MinimumVisualStudioVersion = 10.0.40219.1
Project("{8BC9CEB8-8B4A-11D0-8D11-00A0C91BC942}") = "Screen_Capture", "Screen_Capture.vcxproj", "{95191235-6E13-44F4-BBFD-884276F3D7EB}"
EndProject
Project("{8BC9CEB8-8B4A-11D0-8D11-00A0C91BC942}") = "Test", "..\Test\Test.vcxproj", "{C71DB53C-F704-4673-A93C-8602A9B74B45}"
EndProject
Global
	GlobalSection(SolutionConfigurationPlatforms) = preSolution
		Debug|x64 = Debug|x64
		Debug|x86 = Debug|x86
		Release|x64 = Release|x64
		Release|x86 = Release|x86
	EndGlobalSection
	GlobalSection(ProjectConfigurationPlatforms) = postSolution
		{95191235-6E13-44F4-BBFD-884276F3D7EB}.Debug|x64.ActiveCfg = Debug|x64
		{95191235-6E13-44F4-BBFD-884276F3D7EB}.Debug|x64.Build.0 = Debug|x64
		{95191235-6E13-44F4-BBFD-884276F3D7EB}.Debug|x86.ActiveCfg = Debug|Win32
		{95191235-6E13-44F4-BBFD-884276F3D7EB}.Debug|x86.Build.0 = Debug|Win32
		{95191235-6E13-44F4-BBFD-884276F3D7EB}.Release|x64.ActiveCfg = Release|x64
		{95191235-6E13-44F4-BBFD-884276F3D7EB}.Release|x64.Build.0 = Release|x64
		{95191235-6E13-44F4-BBFD-884276F3D7EB}.Release|x86.ActiveCfg = Release|Win32
		{95191235-6E13-44F4-BBFD-884276F3D7EB}.Release|x86.Build.0 = Release|Win32
		{C71DB53C-F704-4673-A93C-8602A9B74B45}.Debug|x64.ActiveCfg = Debug|x64
		{C71DB53C-F704-4673-A93C-8602A9B74B45}.Debug|x64.Build.0 = Debug|x64
		{C71DB53C-F704-4673-A93C-8602A9B74B45}.Debug|x86.ActiveCfg = Debug|Win32
		{C71DB53C-F704-4673-A93C-8602A9B74B45}.Debug|x86.Build.0 = Debug|Win32
		{C71DB53C-F704-4673-A93C-8602A9B74B45}.Release|x64.ActiveCfg = Release|x64
		{C71DB53C-F704-4673-A93C-8602A9B74B45}.Release|x64.Build.0 = Release|x64
		{C71DB53C-F704-4673-A93C-8602A9B74B45}.Release|x86.ActiveCfg = Release|Win32
		{C71DB53C-F704-4673-A93C-8602A9B74B45}.Release|x86.Build.0 = Release|Win32
	EndGlobalSection
	GlobalSection(SolutionProperties) = preSolution
		HideSolutionNode = FALSE
	EndGlobalSection
EndGlobal
