
Microsoft Visual Studio Solution File, Format Version 12.00
# Visual Studio Version 16
VisualStudioVersion = 16.0.31424.327
MinimumVisualStudioVersion = 10.0.40219.1
Project("{9A19103F-16F7-4668-BE54-9A1E7A4F7556}") = "screen_capture_lite_example_csharp", "screen_capture_lite_example_csharp.csproj", "{24D20C01-8959-4C09-99A0-9AD0681E1B53}"
EndProject
Global
	GlobalSection(SolutionConfigurationPlatforms) = preSolution
		Debug|Any CPU = Debug|Any CPU
		Release|Any CPU = Release|Any CPU
	EndGlobalSection
	GlobalSection(ProjectConfigurationPlatforms) = postSolution
		{24D20C01-8959-4C09-99A0-9AD0681E1B53}.Debug|Any CPU.ActiveCfg = Debug|Any CPU
		{24D20C01-8959-4C09-99A0-9AD0681E1B53}.Debug|Any CPU.Build.0 = Debug|Any CPU
		{24D20C01-8959-4C09-99A0-9AD0681E1B53}.Release|Any CPU.ActiveCfg = Release|Any CPU
		{24D20C01-8959-4C09-99A0-9AD0681E1B53}.Release|Any CPU.Build.0 = Release|Any CPU
	EndGlobalSection
	GlobalSection(SolutionProperties) = preSolution
		HideSolutionNode = FALSE
	EndGlobalSection
	GlobalSection(ExtensibilityGlobals) = postSolution
		SolutionGuid = {2956CB54-FEE7-4806-8512-2C8FD9435448}
	EndGlobalSection
EndGlobal
